{
  "name": "score-scroll",
  "version": "1.0.0",
  "lockfileVersion": 3,
  "requires": true,
  "packages": {
    "": {
      "name": "score-scroll",
      "version": "1.0.0",
      "license": "ISC",
      "dependencies": {
        "mp4-muxer": "^5.2.2"
      },
      "devDependencies": {
        "@playwright/test": "^1.58.2"
      }
    },
    "node_modules/@playwright/test": {
      "version": "1.58.2",
      "resolved": "https://repo.huaweicloud.com/repository/npm/@playwright/test/-/test-1.58.2.tgz",
      "integrity": "sha512-akea+6bHYBBfA9uQqSYmlJXn61cTa+jbO87xVLCWbTqbWadRVmhxlXATaOjOgcBaWU4ePo0wB41KMFv3o35IXA==",
      "dev": true,
      "license": "Apache-2.0",
      "dependencies": {
        "playwright": "1.58.2"
      },
      "bin": {
        "playwright": "cli.js"
      },
      "engines": {
        "node": ">=18"
      }
    },
    "node_modules/@types/dom-webcodecs": {
      "version": "0.1.18",
      "resolved": "https://repo.huaweicloud.com/repository/npm/@types/dom-webcodecs/-/dom-webcodecs-0.1.18.tgz",
      "integrity": "sha512-vAvE8C9DGWR+tkb19xyjk1TSUlJ7RUzzp4a9Anu7mwBT+fpyePWK1UxmH14tMO5zHmrnrRIMg5NutnnDztLxgg==",
      "license": "MIT"
    },
    "node_modules/@types/wicg-file-system-access": {
      "version": "2020.9.8",
      "resolved": "https://repo.huaweicloud.com/repository/npm/@types/wicg-file-system-access/-/wicg-file-system-access-2020.9.8.tgz",
      "integrity": "sha512-ggMz8nOygG7d/stpH40WVaNvBwuyYLnrg5Mbyf6bmsj/8+gb6Ei4ZZ9/4PNpcPNTT8th9Q8sM8wYmWGjMWLX/A==",
      "license": "MIT"
    },
    "node_modules/fsevents": {
      "version": "2.3.2",
      "resolved": "https://repo.huaweicloud.com/repository/npm/fsevents/-/fsevents-2.3.2.tgz",
      "integrity": "sha512-xiqMQR4xAeHTuB9uWm+fFRcIOgKBMiOBP+eXiyT7jsgVCq1bkVygt00oASowB7EdtpOHaaPgKt812P9ab+DDKA==",
      "dev": true,
      "hasInstallScript": true,
      "license": "MIT",
      "optional": true,
      "os": [
        "darwin"
      ],
      "engines": {
        "node": "^8.16.0 || ^10.6.0 || >=11.0.0"
      }
    },
    "node_modules/mp4-muxer": {
      "version": "5.2.2",
      "resolved": "https://repo.huaweicloud.com/repository/npm/mp4-muxer/-/mp4-muxer-5.2.2.tgz",
      "integrity": "sha512-dhozjTywI0h2qFzeShagt8YYw811fh1XlwiDCE2f6Aeqf6xG2CyuShoSa5E0AZDO8pPF0JOZ3wOmWBNWIGdSpQ==",
      "deprecated": "This library is superseded by Mediabunny. Please migrate to it.",
      "license": "MIT",
      "dependencies": {
        "@types/dom-webcodecs": "^0.1.6",
        "@types/wicg-file-system-access": "^2020.9.5"
      }
    },
    "node_modules/playwright": {
      "version": "1.58.2",
      "resolved": "https://repo.huaweicloud.com/repository/npm/playwright/-/playwright-1.58.2.tgz",
      "integrity": "sha512-vA30H8Nvkq/cPBnNw4Q8TWz1EJyqgpuinBcHET0YVJVFldr8JDNiU9LaWAE1KqSkRYazuaBhTpB5ZzShOezQ6A==",
      "dev": true,
      "license": "Apache-2.0",
      "dependencies": {
        "playwright-core": "1.58.2"
      },
      "bin": {
        "playwright": "cli.js"
      },
      "engines": {
        "node": ">=18"
      },
      "optionalDependencies": {
        "fsevents": "2.3.2"
      }
    },
    "node_modules/playwright-core": {
      "version": "1.58.2",
      "resolved": "https://repo.huaweicloud.com/repository/npm/playwright-core/-/playwright-core-1.58.2.tgz",
      "integrity": "sha512-yZkEtftgwS8CsfYo7nm0KE8jsvm6i/PTgVtB8DL726wNf6H2IMsDuxCpJj59KDaxCtSnrWan2AeDqM7JBaultg==",
      "dev": true,
      "license": "Apache-2.0",
      "bin": {
        "playwright-core": "cli.js"
      },
      "engines": {
        "node": ">=18"
      }
    }
  }
}
